<?xml version="1.0" encoding="utf-8"?>
<Project ToolsVersion="4.0" xmlns="http://schemas.microsoft.com/developer/msbuild/2003">
  <ItemGroup>
    <Filter Include="Source Files">
      <UniqueIdentifier>{4FC737F1-C7A5-4376-A066-2A32D752A2FF}</UniqueIdentifier>
      <Extensions>cpp;c;cc;cxx;def;odl;idl;hpj;bat;asm;asmx</Extensions>
    </Filter>
    <Filter Include="Header Files">
      <UniqueIdentifier>{93995380-89BD-4b04-88EB-625FBE52EBFB}</UniqueIdentifier>
      <Extensions>h;hh;hpp;hxx;hm;inl;inc;ipp;xsd</Extensions>
    </Filter>
    <Filter Include="Resource Files">
      <UniqueIdentifier>{67DA6AB6-F800-4c08-8B7A-83BB121AAD01}</UniqueIdentifier>
      <Extensions>rc;ico;cur;bmp;dlg;rc2;rct;bin;rgs;gif;jpg;jpeg;jpe;resx;tiff;tif;png;wav;mfcribbon-ms</Extensions>
    </Filter>
    <Filter Include="Exceptions">
      <UniqueIdentifier>{d70265f8-7ef4-4911-8f33-bff4ce96b4ca}</UniqueIdentifier>
    </Filter>
    <Filter Include="Exceptions\Header Files">
      <UniqueIdentifier>{34189ad0-e7bd-4ad1-bce2-b22892f5c961}</UniqueIdentifier>
    </Filter>
    <Filter Include="Exceptions\Source Files">
      <UniqueIdentifier>{bc53f405-4aab-45e2-9c02-62261ff2b11c}</UniqueIdentifier>
    </Filter>
  </ItemGroup>
  <ItemGroup>
    <ClInclude Include="stdafx.h">
      <Filter>Header Files</Filter>
    </ClInclude>
    <ClInclude Include="targetver.h">
      <Filter>Header Files</Filter>
    </ClInclude>
    <ClInclude Include="Word.h">
      <Filter>Header Files</Filter>
    </ClInclude>
    <ClInclude Include="WordType.h">
      <Filter>Header Files</Filter>
    </ClInclude>
    <ClInclude Include="Dictionary.h">
      <Filter>Header Files</Filter>
    </ClInclude>
    <ClInclude Include="IExtract.h">
      <Filter>Header Files</Filter>
    </ClInclude>
    <ClInclude Include="TextFileExtractor.h">
      <Filter>Header Files</Filter>
    </ClInclude>
    <ClInclude Include="WordFactory.h">
      <Filter>Header Files</Filter>
    </ClInclude>
    <ClInclude Include="ILoad.h">
      <Filter>Header Files</Filter>
    </ClInclude>
    <ClInclude Include="IPrint.h">
      <Filter>Header Files</Filter>
    </ClInclude>
    <ClInclude Include="TextFileLoader.h">
      <Filter>Header Files</Filter>
    </ClInclude>
    <ClInclude Include="IFormat.h">
      <Filter>Header Files</Filter>
    </ClInclude>
    <ClInclude Include="DefinitionFormatter.h">
      <Filter>Header Files</Filter>
    </ClInclude>
    <ClInclude Include="DefinitionPrinter.h">
      <Filter>Header Files</Filter>
    </ClInclude>
    <ClInclude Include="FileNotFoundException.h">
      <Filter>Exceptions\Header Files</Filter>
    </ClInclude>
    <ClInclude Include="FileReadException.h">
      <Filter>Exceptions\Header Files</Filter>
    </ClInclude>
    <ClInclude Include="UnsupportedTypeException.h">
      <Filter>Exceptions\Header Files</Filter>
    </ClInclude>
    <ClInclude Include="EmptyStringException.h">
      <Filter>Exceptions\Header Files</Filter>
    </ClInclude>
  </ItemGroup>
  <ItemGroup>
    <ClCompile Include="stdafx.cpp">
      <Filter>Source Files</Filter>
    </ClCompile>
    <ClCompile Include="Word.cpp">
      <Filter>Source Files</Filter>
    </ClCompile>
    <ClCompile Include="WordType.cpp">
      <Filter>Source Files</Filter>
    </ClCompile>
    <ClCompile Include="Dictionary.cpp">
      <Filter>Source Files</Filter>
    </ClCompile>
    <ClCompile Include="TextFileExtractor.cpp">
      <Filter>Source Files</Filter>
    </ClCompile>
    <ClCompile Include="WordFactory.cpp">
      <Filter>Source Files</Filter>
    </ClCompile>
    <ClCompile Include="TextFileLoader.cpp">
      <Filter>Source Files</Filter>
    </ClCompile>
    <ClCompile Include="DefinitionFormatter.cpp">
      <Filter>Source Files</Filter>
    </ClCompile>
    <ClCompile Include="DefinitionPrinter.cpp">
      <Filter>Source Files</Filter>
    </ClCompile>
    <ClCompile Include="FileNotFoundException.cpp">
      <Filter>Exceptions\Source Files</Filter>
    </ClCompile>
    <ClCompile Include="FileReadException.cpp">
      <Filter>Exceptions\Source Files</Filter>
    </ClCompile>
    <ClCompile Include="UnsupportedTypeException.cpp">
      <Filter>Exceptions\Source Files</Filter>
    </ClCompile>
    <ClCompile Include="EmptyStringException.cpp">
      <Filter>Exceptions\Source Files</Filter>
    </ClCompile>
  </ItemGroup>
</Project>